// !$*UTF8*$!
{
	archiveVersion = 1;
	classes = {
	};
	objectVersion = 46;
	objects = {

/* Begin PBXBuildFile section */
		189D0CAA1EBABFDC006D5652 /* 1.png in Resources */ = {isa = PBXBuildFile; fileRef = 189D0CA21EBABFDC006D5652 /* 1.png */; };
		189D0CAB1EBABFDC006D5652 /* 2.png in Resources */ = {isa = PBXBuildFile; fileRef = 189D0CA31EBABFDC006D5652 /* 2.png */; };
		189D0CAC1EBABFDC006D5652 /* 3.png in Resources */ = {isa = PBXBuildFile; fileRef = 189D0CA41EBABFDC006D5652 /* 3.png */; };
		189D0CAD1EBABFDC006D5652 /* 4.png in Resources */ = {isa = PBXBuildFile; fileRef = 189D0CA51EBABFDC006D5652 /* 4.png */; };
		189D0CAE1EBABFDC006D5652 /* 5.png in Resources */ = {isa = PBXBuildFile; fileRef = 189D0CA61EBABFDC006D5652 /* 5.png */; };
		189D0CAF1EBABFDC006D5652 /* 6.png in Resources */ = {isa = PBXBuildFile; fileRef = 189D0CA71EBABFDC006D5652 /* 6.png */; };
		189D0CB01EBABFDC006D5652 /* 7.png in Resources */ = {isa = PBXBuildFile; fileRef = 189D0CA81EBABFDC006D5652 /* 7.png */; };
		189D0CB11EBABFDC006D5652 /* 8.png in Resources */ = {isa = PBXBuildFile; fileRef = 189D0CA91EBABFDC006D5652 /* 8.png */; };
		189D0CB71EBAC9D9006D5652 /* 9.png in Resources */ = {isa = PBXBuildFile; fileRef = 189D0CB41EBAC9D9006D5652 /* 9.png */; };
		189D0CB81EBAC9D9006D5652 /* 10.png in Resources */ = {isa = PBXBuildFile; fileRef = 189D0CB51EBAC9D9006D5652 /* 10.png */; };
		189D0CB91EBAC9D9006D5652 /* 11.png in Resources */ = {isa = PBXBuildFile; fileRef = 189D0CB61EBAC9D9006D5652 /* 11.png */; };
		18C431E31EB9EB3500981656 /* CKAlertViewController.m in Sources */ = {isa = PBXBuildFile; fileRef = 18C431E21EB9EB3500981656 /* CKAlertViewController.m */; };
		18C431E71EB9EB6900981656 /* UIView+Extension.m in Sources */ = {isa = PBXBuildFile; fileRef = 18C431E61EB9EB6900981656 /* UIView+Extension.m */; };
		18E7925A1EB9CE5C002AAC08 /* main.m in Sources */ = {isa = PBXBuildFile; fileRef = 18E792591EB9CE5C002AAC08 /* main.m */; };
		18E7925D1EB9CE5C002AAC08 /* AppDelegate.m in Sources */ = {isa = PBXBuildFile; fileRef = 18E7925C1EB9CE5C002AAC08 /* AppDelegate.m */; };
		18E792601EB9CE5C002AAC08 /* ViewController.m in Sources */ = {isa = PBXBuildFile; fileRef = 18E7925F1EB9CE5C002AAC08 /* ViewController.m */; };
		18E792631EB9CE5C002AAC08 /* Main.storyboard in Resources */ = {isa = PBXBuildFile; fileRef = 18E792611EB9CE5C002AAC08 /* Main.storyboard */; };
		18E792651EB9CE5C002AAC08 /* Assets.xcassets in Resources */ = {isa = PBXBuildFile; fileRef = 18E792641EB9CE5C002AAC08 /* Assets.xcassets */; };
		18E792681EB9CE5C002AAC08 /* LaunchScreen.storyboard in Resources */ = {isa = PBXBuildFile; fileRef = 18E792661EB9CE5C002AAC08 /* LaunchScreen.storyboard */; };
		18E7929A1EB9E93C002AAC08 /* CallDirectoryHandler.m in Sources */ = {isa = PBXBuildFile; fileRef = 18E792991EB9E93C002AAC08 /* CallDirectoryHandler.m */; };
		18E7929E1EB9E93C002AAC08 /* WDCallKit.appex in Embed App Extensions */ = {isa = PBXBuildFile; fileRef = 18E792961EB9E93C002AAC08 /* WDCallKit.appex */; settings = {ATTRIBUTES = (RemoveHeadersOnCopy, ); }; };
/* End PBXBuildFile section */

/* Begin PBXContainerItemProxy section */
		18E7929C1EB9E93C002AAC08 /* PBXContainerItemProxy */ = {
			isa = PBXContainerItemProxy;
			containerPortal = 18E7924D1EB9CE5C002AAC08 /* Project object */;
			proxyType = 1;
			remoteGlobalIDString = 18E792951EB9E93C002AAC08;
			remoteInfo = WDCallKit;
		};
/* End PBXContainerItemProxy section */

/* Begin PBXCopyFilesBuildPhase section */
		18E792A21EB9E93C002AAC08 /* Embed App Extensions */ = {
			isa = PBXCopyFilesBuildPhase;
			buildActionMask = 2147483647;
			dstPath = "";
			dstSubfolderSpec = 13;
			files = (
				18E7929E1EB9E93C002AAC08 /* WDCallKit.appex in Embed App Extensions */,
			);
			name = "Embed App Extensions";
			runOnlyForDeploymentPostprocessing = 0;
		};
/* End PBXCopyFilesBuildPhase section */

/* Begin PBXFileReference section */
		189D0CA21EBABFDC006D5652 /* 1.png */ = {isa = PBXFileReference; lastKnownFileType = image.png; path = 1.png; sourceTree = "<group>"; };
		189D0CA31EBABFDC006D5652 /* 2.png */ = {isa = PBXFileReference; lastKnownFileType = image.png; path = 2.png; sourceTree = "<group>"; };
		189D0CA41EBABFDC006D5652 /* 3.png */ = {isa = PBXFileReference; lastKnownFileType = image.png; path = 3.png; sourceTree = "<group>"; };
		189D0CA51EBABFDC006D5652 /* 4.png */ = {isa = PBXFileReference; lastKnownFileType = image.png; path = 4.png; sourceTree = "<group>"; };
		189D0CA61EBABFDC006D5652 /* 5.png */ = {isa = PBXFileReference; lastKnownFileType = image.png; path = 5.png; sourceTree = "<group>"; };
		189D0CA71EBABFDC006D5652 /* 6.png */ = {isa = PBXFileReference; lastKnownFileType = image.png; path = 6.png; sourceTree = "<group>"; };
		189D0CA81EBABFDC006D5652 /* 7.png */ = {isa = PBXFileReference; lastKnownFileType = image.png; path = 7.png; sourceTree = "<group>"; };
		189D0CA91EBABFDC006D5652 /* 8.png */ = {isa = PBXFileReference; lastKnownFileType = image.png; path = 8.png; sourceTree = "<group>"; };
		189D0CB21EBAC611006D5652 /* CallRecognize_DEMO.entitlements */ = {isa = PBXFileReference; lastKnownFileType = text.plist.entitlements; path = CallRecognize_DEMO.entitlements; sourceTree = "<group>"; };
		189D0CB31EBAC63C006D5652 /* WDCallKit.entitlements */ = {isa = PBXFileReference; lastKnownFileType = text.plist.entitlements; path = WDCallKit.entitlements; sourceTree = "<group>"; };
		189D0CB41EBAC9D9006D5652 /* 9.png */ = {isa = PBXFileReference; lastKnownFileType = image.png; path = 9.png; sourceTree = "<group>"; };
		189D0CB51EBAC9D9006D5652 /* 10.png */ = {isa = PBXFileReference; lastKnownFileType = image.png; path = 10.png; sourceTree = "<group>"; };
		189D0CB61EBAC9D9006D5652 /* 11.png */ = {isa = PBXFileReference; lastKnownFileType = image.png; path = 11.png; sourceTree = "<group>"; };
		18C431E11EB9EB3500981656 /* CKAlertViewController.h */ = {isa = PBXFileReference; fileEncoding = 4; lastKnownFileType = sourcecode.c.h; path = CKAlertViewController.h; sourceTree = "<group>"; };
		18C431E21EB9EB3500981656 /* CKAlertViewController.m */ = {isa = PBXFileReference; fileEncoding = 4; lastKnownFileType = sourcecode.c.objc; path = CKAlertViewController.m; sourceTree = "<group>"; };
		18C431E51EB9EB6900981656 /* UIView+Extension.h */ = {isa = PBXFileReference; fileEncoding = 4; lastKnownFileType = sourcecode.c.h; path = "UIView+Extension.h"; sourceTree = "<group>"; };
		18C431E61EB9EB6900981656 /* UIView+Extension.m */ = {isa = PBXFileReference; fileEncoding = 4; lastKnownFileType = sourcecode.c.objc; path = "UIView+Extension.m"; sourceTree = "<group>"; };
		18E792551EB9CE5C002AAC08 /* CallRecognize_DEMO.app */ = {isa = PBXFileReference; explicitFileType = wrapper.application; includeInIndex = 0; path = CallRecognize_DEMO.app; sourceTree = BUILT_PRODUCTS_DIR; };
		18E792591EB9CE5C002AAC08 /* main.m */ = {isa = PBXFileReference; lastKnownFileType = sourcecode.c.objc; path = main.m; sourceTree = "<group>"; };
		18E7925B1EB9CE5C002AAC08 /* AppDelegate.h */ = {isa = PBXFileReference; lastKnownFileType = sourcecode.c.h; path = AppDelegate.h; sourceTree = "<group>"; };
		18E7925C1EB9CE5C002AAC08 /* AppDelegate.m */ = {isa = PBXFileReference; lastKnownFileType = sourcecode.c.objc; path = AppDelegate.m; sourceTree = "<group>"; };
		18E7925E1EB9CE5C002AAC08 /* ViewController.h */ = {isa = PBXFileReference; lastKnownFileType = sourcecode.c.h; path = ViewController.h; sourceTree = "<group>"; };
		18E7925F1EB9CE5C002AAC08 /* ViewController.m */ = {isa = PBXFileReference; lastKnownFileType = sourcecode.c.objc; path = ViewController.m; sourceTree = "<group>"; };
		18E792621EB9CE5C002AAC08 /* Base */ = {isa = PBXFileReference; lastKnownFileType = file.storyboard; name = Base; path = Base.lproj/Main.storyboard; sourceTree = "<group>"; };
		18E792641EB9CE5C002AAC08 /* Assets.xcassets */ = {isa = PBXFileReference; lastKnownFileType = folder.assetcatalog; path = Assets.xcassets; sourceTree = "<group>"; };
		18E792671EB9CE5C002AAC08 /* Base */ = {isa = PBXFileReference; lastKnownFileType = file.storyboard; name = Base; path = Base.lproj/LaunchScreen.storyboard; sourceTree = "<group>"; };
		18E792691EB9CE5C002AAC08 /* Info.plist */ = {isa = PBXFileReference; lastKnownFileType = text.plist.xml; path = Info.plist; sourceTree = "<group>"; };
		18E792961EB9E93C002AAC08 /* WDCallKit.appex */ = {isa = PBXFileReference; explicitFileType = "wrapper.app-extension"; includeInIndex = 0; path = WDCallKit.appex; sourceTree = BUILT_PRODUCTS_DIR; };
		18E792981EB9E93C002AAC08 /* CallDirectoryHandler.h */ = {isa = PBXFileReference; lastKnownFileType = sourcecode.c.h; path = CallDirectoryHandler.h; sourceTree = "<group>"; };
		18E792991EB9E93C002AAC08 /* CallDirectoryHandler.m */ = {isa = PBXFileReference; lastKnownFileType = sourcecode.c.objc; path = CallDirectoryHandler.m; sourceTree = "<group>"; };
		18E7929B1EB9E93C002AAC08 /* Info.plist */ = {isa = PBXFileReference; lastKnownFileType = text.plist.xml; path = Info.plist; sourceTree = "<group>"; };
/* End PBXFileReference section */

/* Begin PBXFrameworksBuildPhase section */
		18E792521EB9CE5C002AAC08 /* Frameworks */ = {
			isa = PBXFrameworksBuildPhase;
			buildActionMask = 2147483647;
			files = (
			);
			runOnlyForDeploymentPostprocessing = 0;
		};
		18E792931EB9E93C002AAC08 /* Frameworks */ = {
			isa = PBXFrameworksBuildPhase;
			buildActionMask = 2147483647;
			files = (
			);
			runOnlyForDeploymentPostprocessing = 0;
		};
/* End PBXFrameworksBuildPhase section */

/* Begin PBXGroup section */
		189D0CA11EBABFDC006D5652 /* 配置流程截图 */ = {
			isa = PBXGroup;
			children = (
				189D0CA21EBABFDC006D5652 /* 1.png */,
				189D0CA31EBABFDC006D5652 /* 2.png */,
				189D0CA41EBABFDC006D5652 /* 3.png */,
				189D0CA51EBABFDC006D5652 /* 4.png */,
				189D0CA61EBABFDC006D5652 /* 5.png */,
				189D0CA71EBABFDC006D5652 /* 6.png */,
				189D0CA81EBABFDC006D5652 /* 7.png */,
				189D0CA91EBABFDC006D5652 /* 8.png */,
				189D0CB41EBAC9D9006D5652 /* 9.png */,
				189D0CB51EBAC9D9006D5652 /* 10.png */,
				189D0CB61EBAC9D9006D5652 /* 11.png */,
			);
			name = "配置流程截图";
			path = "未命名文件夹";
			sourceTree = "<group>";
		};
		18C431E01EB9EB3500981656 /* CKAlertView */ = {
			isa = PBXGroup;
			children = (
				18C431E11EB9EB3500981656 /* CKAlertViewController.h */,
				18C431E21EB9EB3500981656 /* CKAlertViewController.m */,
			);
			path = CKAlertView;
			sourceTree = "<group>";
		};
		18C431E41EB9EB6900981656 /* UIView+Extension */ = {
			isa = PBXGroup;
			children = (
				18C431E51EB9EB6900981656 /* UIView+Extension.h */,
				18C431E61EB9EB6900981656 /* UIView+Extension.m */,
			);
			path = "UIView+Extension";
			sourceTree = "<group>";
		};
		18E7924C1EB9CE5C002AAC08 = {
			isa = PBXGroup;
			children = (
				189D0CA11EBABFDC006D5652 /* 配置流程截图 */,
				18E792571EB9CE5C002AAC08 /* CallRecognize_DEMO */,
				18E792971EB9E93C002AAC08 /* WDCallKit */,
				18E792561EB9CE5C002AAC08 /* Products */,
			);
			sourceTree = "<group>";
		};
		18E792561EB9CE5C002AAC08 /* Products */ = {
			isa = PBXGroup;
			children = (
				18E792551EB9CE5C002AAC08 /* CallRecognize_DEMO.app */,
				18E792961EB9E93C002AAC08 /* WDCallKit.appex */,
			);
			name = Products;
			sourceTree = "<group>";
		};
		18E792571EB9CE5C002AAC08 /* CallRecognize_DEMO */ = {
			isa = PBXGroup;
			children = (
				189D0CB21EBAC611006D5652 /* CallRecognize_DEMO.entitlements */,
				18E7925B1EB9CE5C002AAC08 /* AppDelegate.h */,
				18E7925C1EB9CE5C002AAC08 /* AppDelegate.m */,
				18E7925E1EB9CE5C002AAC08 /* ViewController.h */,
				18E7925F1EB9CE5C002AAC08 /* ViewController.m */,
				18C431E41EB9EB6900981656 /* UIView+Extension */,
				18C431E01EB9EB3500981656 /* CKAlertView */,
				18E792611EB9CE5C002AAC08 /* Main.storyboard */,
				18E792641EB9CE5C002AAC08 /* Assets.xcassets */,
				18E792661EB9CE5C002AAC08 /* LaunchScreen.storyboard */,
				18E792691EB9CE5C002AAC08 /* Info.plist */,
				18E792581EB9CE5C002AAC08 /* Supporting Files */,
			);
			path = CallRecognize_DEMO;
			sourceTree = "<group>";
		};
		18E792581EB9CE5C002AAC08 /* Supporting Files */ = {
			isa = PBXGroup;
			children = (
				18E792591EB9CE5C002AAC08 /* main.m */,
			);
			name = "Supporting Files";
			sourceTree = "<group>";
		};
		18E792971EB9E93C002AAC08 /* WDCallKit */ = {
			isa = PBXGroup;
			children = (
				189D0CB31EBAC63C006D5652 /* WDCallKit.entitlements */,
				18E792981EB9E93C002AAC08 /* CallDirectoryHandler.h */,
				18E792991EB9E93C002AAC08 /* CallDirectoryHandler.m */,
				18E7929B1EB9E93C002AAC08 /* Info.plist */,
			);
			path = WDCallKit;
			sourceTree = "<group>";
		};
/* End PBXGroup section */

/* Begin PBXNativeTarget section */
		18E792541EB9CE5C002AAC08 /* CallRecognize_DEMO */ = {
			isa = PBXNativeTarget;
			buildConfigurationList = 18E7926C1EB9CE5C002AAC08 /* Build configuration list for PBXNativeTarget "CallRecognize_DEMO" */;
			buildPhases = (
				18E792511EB9CE5C002AAC08 /* Sources */,
				18E792521EB9CE5C002AAC08 /* Frameworks */,
				18E792531EB9CE5C002AAC08 /* Resources */,
				18E792A21EB9E93C002AAC08 /* Embed App Extensions */,
			);
			buildRules = (
			);
			dependencies = (
				18E7929D1EB9E93C002AAC08 /* PBXTargetDependency */,
			);
			name = CallRecognize_DEMO;
			productName = CallRecognize_DEMO;
			productReference = 18E792551EB9CE5C002AAC08 /* CallRecognize_DEMO.app */;
			productType = "com.apple.product-type.application";
		};
		18E792951EB9E93C002AAC08 /* WDCallKit */ = {
			isa = PBXNativeTarget;
			buildConfigurationList = 18E792A11EB9E93C002AAC08 /* Build configuration list for PBXNativeTarget "WDCallKit" */;
			buildPhases = (
				18E792921EB9E93C002AAC08 /* Sources */,
				18E792931EB9E93C002AAC08 /* Frameworks */,
				18E792941EB9E93C002AAC08 /* Resources */,
			);
			buildRules = (
			);
			dependencies = (
			);
			name = WDCallKit;
			productName = WDCallKit;
			productReference = 18E792961EB9E93C002AAC08 /* WDCallKit.appex */;
			productType = "com.apple.product-type.app-extension";
		};
/* End PBXNativeTarget section */

/* Begin PBXProject section */
		18E7924D1EB9CE5C002AAC08 /* Project object */ = {
			isa = PBXProject;
			attributes = {
				LastUpgradeCheck = 0820;
				ORGANIZATIONNAME = jxx;
				TargetAttributes = {
					18E792541EB9CE5C002AAC08 = {
						CreatedOnToolsVersion = 8.2.1;
						DevelopmentTeam = U2FJFS2W8C;
						ProvisioningStyle = Automatic;
						SystemCapabilities = {
							com.apple.ApplicationGroups.iOS = {
								enabled = 1;
							};
						};
					};
					18E792951EB9E93C002AAC08 = {
						CreatedOnToolsVersion = 8.2.1;
						DevelopmentTeam = U2FJFS2W8C;
						ProvisioningStyle = Automatic;
						SystemCapabilities = {
							com.apple.ApplicationGroups.iOS = {
								enabled = 1;
							};
						};
					};
				};
			};
			buildConfigurationList = 18E792501EB9CE5C002AAC08 /* Build configuration list for PBXProject "CallRecognize_DEMO" */;
			compatibilityVersion = "Xcode 3.2";
			developmentRegion = English;
			hasScannedForEncodings = 0;
			knownRegions = (
				en,
				Base,
			);
			mainGroup = 18E7924C1EB9CE5C002AAC08;
			productRefGroup = 18E792561EB9CE5C002AAC08 /* Products */;
			projectDirPath = "";
			projectRoot = "";
			targets = (
				18E792541EB9CE5C002AAC08 /* CallRecognize_DEMO */,
				18E792951EB9E93C002AAC08 /* WDCallKit */,
			);
		};
/* End PBXProject section */

/* Begin PBXResourcesBuildPhase section */
		18E792531EB9CE5C002AAC08 /* Resources */ = {
			isa = PBXResourcesBuildPhase;
			buildActionMask = 2147483647;
			files = (
				189D0CB71EBAC9D9006D5652 /* 9.png in Resources */,
				18E792681EB9CE5C002AAC08 /* LaunchScreen.storyboard in Resources */,
				18E792651EB9CE5C002AAC08 /* Assets.xcassets in Resources */,
				189D0CB81EBAC9D9006D5652 /* 10.png in Resources */,
				18E792631EB9CE5C002AAC08 /* Main.storyboard in Resources */,
				189D0CB11EBABFDC006D5652 /* 8.png in Resources */,
				189D0CAF1EBABFDC006D5652 /* 6.png in Resources */,
				189D0CAA1EBABFDC006D5652 /* 1.png in Resources */,
				189D0CAE1EBABFDC006D5652 /* 5.png in Resources */,
				189D0CAD1EBABFDC006D5652 /* 4.png in Resources */,
				189D0CB91EBAC9D9006D5652 /* 11.png in Resources */,
				189D0CAC1EBABFDC006D5652 /* 3.png in Resources */,
				189D0CB01EBABFDC006D5652 /* 7.png in Resources */,
				189D0CAB1EBABFDC006D5652 /* 2.png in Resources */,
			);
			runOnlyForDeploymentPostprocessing = 0;
		};
		18E792941EB9E93C002AAC08 /* Resources */ = {
			isa = PBXResourcesBuildPhase;
			buildActionMask = 2147483647;
			files = (
			);
			runOnlyForDeploymentPostprocessing = 0;
		};
/* End PBXResourcesBuildPhase section */

/* Begin PBXSourcesBuildPhase section */
		18E792511EB9CE5C002AAC08 /* Sources */ = {
			isa = PBXSourcesBuildPhase;
			buildActionMask = 2147483647;
			files = (
				18C431E71EB9EB6900981656 /* UIView+Extension.m in Sources */,
				18E792601EB9CE5C002AAC08 /* ViewController.m in Sources */,
				18E7925D1EB9CE5C002AAC08 /* AppDelegate.m in Sources */,
				18E7925A1EB9CE5C002AAC08 /* main.m in Sources */,
				18C431E31EB9EB3500981656 /* CKAlertViewController.m in Sources */,
			);
			runOnlyForDeploymentPostprocessing = 0;
		};
		18E792921EB9E93C002AAC08 /* Sources */ = {
			isa = PBXSourcesBuildPhase;
			buildActionMask = 2147483647;
			files = (
				18E7929A1EB9E93C002AAC08 /* CallDirectoryHandler.m in Sources */,
			);
			runOnlyForDeploymentPostprocessing = 0;
		};
/* End PBXSourcesBuildPhase section */

/* Begin PBXTargetDependency section */
		18E7929D1EB9E93C002AAC08 /* PBXTargetDependency */ = {
			isa = PBXTargetDependency;
			target = 18E792951EB9E93C002AAC08 /* WDCallKit */;
			targetProxy = 18E7929C1EB9E93C002AAC08 /* PBXContainerItemProxy */;
		};
/* End PBXTargetDependency section */

/* Begin PBXVariantGroup section */
		18E792611EB9CE5C002AAC08 /* Main.storyboard */ = {
			isa = PBXVariantGroup;
			children = (
				18E792621EB9CE5C002AAC08 /* Base */,
			);
			name = Main.storyboard;
			sourceTree = "<group>";
		};
		18E792661EB9CE5C002AAC08 /* LaunchScreen.storyboard */ = {
			isa = PBXVariantGroup;
			children = (
				18E792671EB9CE5C002AAC08 /* Base */,
			);
			name = LaunchScreen.storyboard;
			sourceTree = "<group>";
		};
/* End PBXVariantGroup section */

/* Begin XCBuildConfiguration section */
		18E7926A1EB9CE5C002AAC08 /* Debug */ = {
			isa = XCBuildConfiguration;
			buildSettings = {
				ALWAYS_SEARCH_USER_PATHS = NO;
				CLANG_ANALYZER_NONNULL = YES;
				CLANG_CXX_LANGUAGE_STANDARD = "gnu++0x";
				CLANG_CXX_LIBRARY = "libc++";
				CLANG_ENABLE_MODULES = YES;
				CLANG_ENABLE_OBJC_ARC = YES;
				CLANG_WARN_BOOL_CONVERSION = YES;
				CLANG_WARN_CONSTANT_CONVERSION = YES;
				CLANG_WARN_DIRECT_OBJC_ISA_USAGE = YES_ERROR;
				CLANG_WARN_DOCUMENTATION_COMMENTS = YES;
				CLANG_WARN_EMPTY_BODY = YES;
				CLANG_WARN_ENUM_CONVERSION = YES;
				CLANG_WARN_INFINITE_RECURSION = YES;
				CLANG_WARN_INT_CONVERSION = YES;
				CLANG_WARN_OBJC_ROOT_CLASS = YES_ERROR;
				CLANG_WARN_SUSPICIOUS_MOVE = YES;
				CLANG_WARN_UNREACHABLE_CODE = YES;
				CLANG_WARN__DUPLICATE_METHOD_MATCH = YES;
				"CODE_SIGN_IDENTITY[sdk=iphoneos*]" = "iPhone Developer";
				COPY_PHASE_STRIP = NO;
				DEBUG_INFORMATION_FORMAT = dwarf;
				ENABLE_STRICT_OBJC_MSGSEND = YES;
				ENABLE_TESTABILITY = YES;
				GCC_C_LANGUAGE_STANDARD = gnu99;
				GCC_DYNAMIC_NO_PIC = NO;
				GCC_NO_COMMON_BLOCKS = YES;
				GCC_OPTIMIZATION_LEVEL = 0;
				GCC_PREPROCESSOR_DEFINITIONS = (
					"DEBUG=1",
					"$(inherited)",
				);
				GCC_WARN_64_TO_32_BIT_CONVERSION = YES;
				GCC_WARN_ABOUT_RETURN_TYPE = YES_ERROR;
				GCC_WARN_UNDECLARED_SELECTOR = YES;
				GCC_WARN_UNINITIALIZED_AUTOS = YES_AGGRESSIVE;
				GCC_WARN_UNUSED_FUNCTION = YES;
				GCC_WARN_UNUSED_VARIABLE = YES;
				IPHONEOS_DEPLOYMENT_TARGET = 10.2;
				MTL_ENABLE_DEBUG_INFO = YES;
				ONLY_ACTIVE_ARCH = YES;
				SDKROOT = iphoneos;
			};
			name = Debug;
		};
		18E7926B1EB9CE5C002AAC08 /* Release */ = {
			isa = XCBuildConfiguration;
			buildSettings = {
				ALWAYS_SEARCH_USER_PATHS = NO;
				CLANG_ANALYZER_NONNULL = YES;
				CLANG_CXX_LANGUAGE_STANDARD = "gnu++0x";
				CLANG_CXX_LIBRARY = "libc++";
				CLANG_ENABLE_MODULES = YES;
				CLANG_ENABLE_OBJC_ARC = YES;
				CLANG_WARN_BOOL_CONVERSION = YES;
				CLANG_WARN_CONSTANT_CONVERSION = YES;
				CLANG_WARN_DIRECT_OBJC_ISA_USAGE = YES_ERROR;
				CLANG_WARN_DOCUMENTATION_COMMENTS = YES;
				CLANG_WARN_EMPTY_BODY = YES;
				CLANG_WARN_ENUM_CONVERSION = YES;
				CLANG_WARN_INFINITE_RECURSION = YES;
				CLANG_WARN_INT_CONVERSION = YES;
				CLANG_WARN_OBJC_ROOT_CLASS = YES_ERROR;
				CLANG_WARN_SUSPICIOUS_MOVE = YES;
				CLANG_WARN_UNREACHABLE_CODE = YES;
				CLANG_WARN__DUPLICATE_METHOD_MATCH = YES;
				"CODE_SIGN_IDENTITY[sdk=iphoneos*]" = "iPhone Developer";
				COPY_PHASE_STRIP = NO;
				DEBUG_INFORMATION_FORMAT = "dwarf-with-dsym";
				ENABLE_NS_ASSERTIONS = NO;
				ENABLE_STRICT_OBJC_MSGSEND = YES;
				GCC_C_LANGUAGE_STANDARD = gnu99;
				GCC_NO_COMMON_BLOCKS = YES;
				GCC_WARN_64_TO_32_BIT_CONVERSION = YES;
				GCC_WARN_ABOUT_RETURN_TYPE = YES_ERROR;
				GCC_WARN_UNDECLARED_SELECTOR = YES;
				GCC_WARN_UNINITIALIZED_AUTOS = YES_AGGRESSIVE;
				GCC_WARN_UNUSED_FUNCTION = YES;
				GCC_WARN_UNUSED_VARIABLE = YES;
				IPHONEOS_DEPLOYMENT_TARGET = 10.2;
				MTL_ENABLE_DEBUG_INFO = NO;
				SDKROOT = iphoneos;
				VALIDATE_PRODUCT = YES;
			};
			name = Release;
		};
		18E7926D1EB9CE5C002AAC08 /* Debug */ = {
			isa = XCBuildConfiguration;
			buildSettings = {
				ASSETCATALOG_COMPILER_APPICON_NAME = AppIcon;
				CODE_SIGN_ENTITLEMENTS = CallRecognize_DEMO/CallRecognize_DEMO.entitlements;
				"CODE_SIGN_IDENTITY[sdk=iphoneos*]" = "iPhone Developer";
				DEVELOPMENT_TEAM = U2FJFS2W8C;
				INFOPLIST_FILE = CallRecognize_DEMO/Info.plist;
				IPHONEOS_DEPLOYMENT_TARGET = 10.0;
				LD_RUNPATH_SEARCH_PATHS = "$(inherited) @executable_path/Frameworks";
				PRODUCT_BUNDLE_IDENTIFIER = "com.autoday.CallRecognize-DEMO";
				PRODUCT_NAME = "$(TARGET_NAME)";
			};
			name = Debug;
		};
		18E7926E1EB9CE5C002AAC08 /* Release */ = {
			isa = XCBuildConfiguration;
			buildSettings = {
				ASSETCATALOG_COMPILER_APPICON_NAME = AppIcon;
				CODE_SIGN_ENTITLEMENTS = CallRecognize_DEMO/CallRecognize_DEMO.entitlements;
				"CODE_SIGN_IDENTITY[sdk=iphoneos*]" = "iPhone Developer";
				DEVELOPMENT_TEAM = U2FJFS2W8C;
				INFOPLIST_FILE = CallRecognize_DEMO/Info.plist;
				IPHONEOS_DEPLOYMENT_TARGET = 10.0;
				LD_RUNPATH_SEARCH_PATHS = "$(inherited) @executable_path/Frameworks";
				PRODUCT_BUNDLE_IDENTIFIER = "com.autoday.CallRecognize-DEMO";
				PRODUCT_NAME = "$(TARGET_NAME)";
			};
			name = Release;
		};
		18E7929F1EB9E93C002AAC08 /* Debug */ = {
			isa = XCBuildConfiguration;
			buildSettings = {
				ARCHS = "$(ARCHS_STANDARD_64_BIT)";
				CODE_SIGN_ENTITLEMENTS = WDCallKit/WDCallKit.entitlements;
				"CODE_SIGN_IDENTITY[sdk=iphoneos*]" = "iPhone Developer";
				DEVELOPMENT_TEAM = U2FJFS2W8C;
				INFOPLIST_FILE = WDCallKit/Info.plist;
				IPHONEOS_DEPLOYMENT_TARGET = 10.0;
				LD_RUNPATH_SEARCH_PATHS = "$(inherited) @executable_path/Frameworks @executable_path/../../Frameworks";
				PRODUCT_BUNDLE_IDENTIFIER = "com.autoday.CallRecognize-DEMO.WDCallKit";
				PRODUCT_NAME = "$(TARGET_NAME)";
				SKIP_INSTALL = YES;
			};
			name = Debug;
		};
		18E792A01EB9E93C002AAC08 /* Release */ = {
			isa = XCBuildConfiguration;
			buildSettings = {
				ARCHS = "$(ARCHS_STANDARD_64_BIT)";
				CODE_SIGN_ENTITLEMENTS = WDCallKit/WDCallKit.entitlements;
				"CODE_SIGN_IDENTITY[sdk=iphoneos*]" = "iPhone Developer";
				DEVELOPMENT_TEAM = U2FJFS2W8C;
				INFOPLIST_FILE = WDCallKit/Info.plist;
				IPHONEOS_DEPLOYMENT_TARGET = 10.0;
				LD_RUNPATH_SEARCH_PATHS = "$(inherited) @executable_path/Frameworks @executable_path/../../Frameworks";
				PRODUCT_BUNDLE_IDENTIFIER = "com.autoday.CallRecognize-DEMO.WDCallKit";
				PRODUCT_NAME = "$(TARGET_NAME)";
				SKIP_INSTALL = YES;
			};
			name = Release;
		};
/* End XCBuildConfiguration section */

/* Begin XCConfigurationList section */
		18E792501EB9CE5C002AAC08 /* Build configuration list for PBXProject "CallRecognize_DEMO" */ = {
			isa = XCConfigurationList;
			buildConfigurations = (
				18E7926A1EB9CE5C002AAC08 /* Debug */,
				18E7926B1EB9CE5C002AAC08 /* Release */,
			);
			defaultConfigurationIsVisible = 0;
			defaultConfigurationName = Release;
		};
		18E7926C1EB9CE5C002AAC08 /* Build configuration list for PBXNativeTarget "CallRecognize_DEMO" */ = {
			isa = XCConfigurationList;
			buildConfigurations = (
				18E7926D1EB9CE5C002AAC08 /* Debug */,
				18E7926E1EB9CE5C002AAC08 /* Release */,
			);
			defaultConfigurationIsVisible = 0;
			defaultConfigurationName = Release;
		};
		18E792A11EB9E93C002AAC08 /* Build configuration list for PBXNativeTarget "WDCallKit" */ = {
			isa = XCConfigurationList;
			buildConfigurations = (
				18E7929F1EB9E93C002AAC08 /* Debug */,
				18E792A01EB9E93C002AAC08 /* Release */,
			);
			defaultConfigurationIsVisible = 0;
			defaultConfigurationName = Release;
		};
/* End XCConfigurationList section */
	};
	rootObject = 18E7924D1EB9CE5C002AAC08 /* Project object */;
}
